<?xml version="1.0" encoding="utf-8"?>
<Project ToolsVersion="4.0" xmlns="http://schemas.microsoft.com/developer/msbuild/2003">
  <ItemGroup>
    <Filter Include="소스 파일">
      <UniqueIdentifier>{4FC737F1-C7A5-4376-A066-2A32D752A2FF}</UniqueIdentifier>
      <Extensions>cpp;c;cc;cxx;def;odl;idl;hpj;bat;asm;asmx</Extensions>
    </Filter>
    <Filter Include="헤더 파일">
      <UniqueIdentifier>{93995380-89BD-4b04-88EB-625FBE52EBFB}</UniqueIdentifier>
      <Extensions>h;hh;hpp;hxx;hm;inl;inc;ipp;xsd</Extensions>
    </Filter>
    <Filter Include="리소스 파일">
      <UniqueIdentifier>{67DA6AB6-F800-4c08-8B7A-83BB121AAD01}</UniqueIdentifier>
      <Extensions>rc;ico;cur;bmp;dlg;rc2;rct;bin;rgs;gif;jpg;jpeg;jpe;resx;tiff;tif;png;wav;mfcribbon-ms</Extensions>
    </Filter>
    <Filter Include="소스 파일\level2">
      <UniqueIdentifier>{945a8230-5e1d-487b-96c0-9353bebfa203}</UniqueIdentifier>
    </Filter>
    <Filter Include="소스 파일\level1">
      <UniqueIdentifier>{085daa4c-3a8e-4ffd-bcfd-1b6ff2ad7a9b}</UniqueIdentifier>
    </Filter>
    <Filter Include="소스 파일\stack/queue">
      <UniqueIdentifier>{3dd0987e-4def-4243-b10b-0aedc54bcf95}</UniqueIdentifier>
    </Filter>
    <Filter Include="소스 파일\DP">
      <UniqueIdentifier>{143f6e67-40a9-447e-9981-12cb65c388ba}</UniqueIdentifier>
    </Filter>
  </ItemGroup>
  <ItemGroup>
    <ClCompile Include="기능개발.cpp">
      <Filter>소스 파일\level2</Filter>
    </ClCompile>
    <ClCompile Include="2016년.cpp">
      <Filter>소스 파일\level1</Filter>
    </ClCompile>
    <ClCompile Include="K번째수.cpp">
      <Filter>소스 파일\level1</Filter>
    </ClCompile>
    <ClCompile Include="가운데글자.cpp">
      <Filter>소스 파일\level1</Filter>
    </ClCompile>
    <ClCompile Include="같은 숫자는 싫어.cpp">
      <Filter>소스 파일\level1</Filter>
    </ClCompile>
    <ClCompile Include="두 정수 사이의 합.cpp">
      <Filter>소스 파일\level1</Filter>
    </ClCompile>
    <ClCompile Include="메인.cpp">
      <Filter>소스 파일\level1</Filter>
    </ClCompile>
    <ClCompile Include="모의고사.cpp">
      <Filter>소스 파일\level1</Filter>
    </ClCompile>
    <ClCompile Include="문자열 내림차순 정렬.cpp">
      <Filter>소스 파일\level1</Filter>
    </ClCompile>
    <ClCompile Include="문자열기본.cpp">
      <Filter>소스 파일\level1</Filter>
    </ClCompile>
    <ClCompile Include="문자열정수변환.cpp">
      <Filter>소스 파일\level1</Filter>
    </ClCompile>
    <ClCompile Include="소수의합.cpp">
      <Filter>소스 파일\level1</Filter>
    </ClCompile>
    <ClCompile Include="소수찾기.cpp">
      <Filter>소스 파일\level1</Filter>
    </ClCompile>
    <ClCompile Include="특정문자열갯수.cpp">
      <Filter>소스 파일\level1</Filter>
    </ClCompile>
    <ClCompile Include="평균구하기.cpp">
      <Filter>소스 파일\level1</Filter>
    </ClCompile>
    <ClCompile Include="탑.cpp">
      <Filter>소스 파일\stack/queue</Filter>
    </ClCompile>
    <ClCompile Include="다리를 지나는 트럭.cpp">
      <Filter>소스 파일\stack/queue</Filter>
    </ClCompile>
    <ClCompile Include="프린터.cpp">
      <Filter>소스 파일\stack/queue</Filter>
    </ClCompile>
    <ClCompile Include="쇠막대기.cpp">
      <Filter>소스 파일\stack/queue</Filter>
    </ClCompile>
    <ClCompile Include="주식가격(다시풀어볼것).cpp">
      <Filter>소스 파일\stack/queue</Filter>
    </ClCompile>
    <ClCompile Include="타일장식물%28level3%29.cpp">
      <Filter>소스 파일\DP</Filter>
    </ClCompile>
    <ClCompile Include="2 x N 타일링.cpp">
      <Filter>소스 파일\DP</Filter>
    </ClCompile>
    <ClCompile Include="정수삼각형.cpp">
      <Filter>소스 파일\DP</Filter>
    </ClCompile>
  </ItemGroup>
</Project>